Microsoft Visual Studio Solution File, Format Version 12.00
# Visual Studio Version 17
VisualStudioVersion = 17.5.2.0
MinimumVisualStudioVersion = 10.0.40219.1
Project("{FAE04EC0-301F-11D3-BF4B-00C04F79EFBC}") = "Exe01", "Exe01.csproj", "{6B340A93-25A3-8708-8D70-048F76A8DAFB}"
EndProject
Global
	GlobalSection(SolutionConfigurationPlatforms) = preSolution
		Debug|Any CPU = Debug|Any CPU
		Release|Any CPU = Release|Any CPU
	EndGlobalSection
	GlobalSection(ProjectConfigurationPlatforms) = postSolution
		{6B340A93-25A3-8708-8D70-048F76A8DAFB}.Debug|Any CPU.ActiveCfg = Debug|Any CPU
		{6B340A93-25A3-8708-8D70-048F76A8DAFB}.Debug|Any CPU.Build.0 = Debug|Any CPU
		{6B340A93-25A3-8708-8D70-048F76A8DAFB}.Release|Any CPU.ActiveCfg = Release|Any CPU
		{6B340A93-25A3-8708-8D70-048F76A8DAFB}.Release|Any CPU.Build.0 = Release|Any CPU
	EndGlobalSection
	GlobalSection(SolutionProperties) = preSolution
		HideSolutionNode = FALSE
	EndGlobalSection
	GlobalSection(ExtensibilityGlobals) = postSolution
		SolutionGuid = {6A0BE525-1117-4469-9590-57F9E702BF45}
	EndGlobalSection
EndGlobal
